
Microsoft Visual Studio Solution File, Format Version 12.00
# Visual Studio Version 16
VisualStudioVersion = 16.0.29609.76
MinimumVisualStudioVersion = 10.0.40219.1
Project("{FAE04EC0-301F-11D3-BF4B-00C04F79EFBC}") = "ApiStartUp", "ApiStartUp\ApiStartUp.csproj", "{0EEFDB0C-4BB4-4E7A-BCB5-FAD5617EDC49}"
EndProject
Project("{FAE04EC0-301F-11D3-BF4B-00C04F79EFBC}") = "RunMigration", "RunMigration\RunMigration.csproj", "{256C1916-1561-4C66-BF00-FCA43F3EC270}"
EndProject
Global
	GlobalSection(SolutionConfigurationPlatforms) = preSolution
		Debug|Any CPU = Debug|Any CPU
		Release|Any CPU = Release|Any CPU
	EndGlobalSection
	GlobalSection(ProjectConfigurationPlatforms) = postSolution
		{0EEFDB0C-4BB4-4E7A-BCB5-FAD5617EDC49}.Debug|Any CPU.ActiveCfg = Debug|Any CPU
		{0EEFDB0C-4BB4-4E7A-BCB5-FAD5617EDC49}.Debug|Any CPU.Build.0 = Debug|Any CPU
		{0EEFDB0C-4BB4-4E7A-BCB5-FAD5617EDC49}.Release|Any CPU.ActiveCfg = Release|Any CPU
		{0EEFDB0C-4BB4-4E7A-BCB5-FAD5617EDC49}.Release|Any CPU.Build.0 = Release|Any CPU
		{256C1916-1561-4C66-BF00-FCA43F3EC270}.Debug|Any CPU.ActiveCfg = Debug|Any CPU
		{256C1916-1561-4C66-BF00-FCA43F3EC270}.Debug|Any CPU.Build.0 = Debug|Any CPU
		{256C1916-1561-4C66-BF00-FCA43F3EC270}.Release|Any CPU.ActiveCfg = Release|Any CPU
		{256C1916-1561-4C66-BF00-FCA43F3EC270}.Release|Any CPU.Build.0 = Release|Any CPU
	EndGlobalSection
	GlobalSection(SolutionProperties) = preSolution
		HideSolutionNode = FALSE
	EndGlobalSection
	GlobalSection(ExtensibilityGlobals) = postSolution
		SolutionGuid = {F6274A4C-46C1-4233-B315-4E2423893FAC}
	EndGlobalSection
EndGlobal
